
Microsoft Visual Studio Solution File, Format Version 12.00
# Visual Studio 2013
VisualStudioVersion = 12.0.31101.0
MinimumVisualStudioVersion = 10.0.40219.1
Project("{F2A71F9B-5D33-465A-A702-920D77279786}") = "WebSharper.AspNetMvc", "WebSharper.AspNetMvc\WebSharper.AspNetMvc.fsproj", "{D3DD205C-F057-4CD0-A98D-22D8458B647D}"
EndProject
Global
	GlobalSection(SolutionConfigurationPlatforms) = preSolution
		Debug|Any CPU = Debug|Any CPU
		Release|Any CPU = Release|Any CPU
	EndGlobalSection
	GlobalSection(ProjectConfigurationPlatforms) = postSolution
		{D3DD205C-F057-4CD0-A98D-22D8458B647D}.Debug|Any CPU.ActiveCfg = Debug|Any CPU
		{D3DD205C-F057-4CD0-A98D-22D8458B647D}.Debug|Any CPU.Build.0 = Debug|Any CPU
		{D3DD205C-F057-4CD0-A98D-22D8458B647D}.Release|Any CPU.ActiveCfg = Release|Any CPU
		{D3DD205C-F057-4CD0-A98D-22D8458B647D}.Release|Any CPU.Build.0 = Release|Any CPU
	EndGlobalSection
	GlobalSection(SolutionProperties) = preSolution
		HideSolutionNode = FALSE
	EndGlobalSection
EndGlobal
