
Microsoft Visual Studio Solution File, Format Version 12.00
# Visual Studio Version 17
VisualStudioVersion = 17.14.36109.1
MinimumVisualStudioVersion = 10.0.40219.1
Project("{2150E333-8FDC-42A3-9474-1A3956D46DE8}") = ".paket", ".paket", "{6E360113-B660-4890-8B26-61FC94C42487}"
	ProjectSection(SolutionItems) = preProject
		paket.dependencies = paket.dependencies
	EndProjectSection
EndProject
Project("{FAE04EC0-301F-11D3-BF4B-00C04F79EFBC}") = "WebSharper.AspNetMvc.Tests", "WebSharper.AspNetMvc.Tests\WebSharper.AspNetMvc.Tests.csproj", "{20ED0B23-92BA-485A-8782-D098A49A9101}"
EndProject
Global
	GlobalSection(SolutionConfigurationPlatforms) = preSolution
		Debug|Any CPU = Debug|Any CPU
		Release|Any CPU = Release|Any CPU
	EndGlobalSection
	GlobalSection(ProjectConfigurationPlatforms) = postSolution
		{20ED0B23-92BA-485A-8782-D098A49A9101}.Debug|Any CPU.ActiveCfg = Debug|Any CPU
		{20ED0B23-92BA-485A-8782-D098A49A9101}.Debug|Any CPU.Build.0 = Debug|Any CPU
		{20ED0B23-92BA-485A-8782-D098A49A9101}.Release|Any CPU.ActiveCfg = Release|Any CPU
		{20ED0B23-92BA-485A-8782-D098A49A9101}.Release|Any CPU.Build.0 = Release|Any CPU
	EndGlobalSection
	GlobalSection(SolutionProperties) = preSolution
		HideSolutionNode = FALSE
	EndGlobalSection
	GlobalSection(ExtensibilityGlobals) = postSolution
		SolutionGuid = {C13F65C8-0D5D-4B9D-9DD0-565634D23A2D}
	EndGlobalSection
EndGlobal
